// !$*UTF8*$!
{
	archiveVersion = 1;
	classes = {
	};
	objectVersion = 56;
	objects = {

/* Begin PBXBuildFile section */
		A10000000000000000000001 /* TrialPracticeApp.swift in Sources */ = {isa = PBXBuildFile; fileRef = A20000000000000000000001 /* TrialPracticeApp.swift */; };
		A10000000000000000000002 /* FlaggedQuestion.swift in Sources */ = {isa = PBXBuildFile; fileRef = A20000000000000000000002 /* FlaggedQuestion.swift */; };
		A10000000000000000000003 /* Paper.swift in Sources */ = {isa = PBXBuildFile; fileRef = A20000000000000000000003 /* Paper.swift */; };
		A10000000000000000000004 /* School.swift in Sources */ = {isa = PBXBuildFile; fileRef = A20000000000000000000004 /* School.swift */; };
		A10000000000000000000005 /* Subject.swift in Sources */ = {isa = PBXBuildFile; fileRef = A20000000000000000000005 /* Subject.swift */; };
		A10000000000000000000006 /* AppState.swift in Sources */ = {isa = PBXBuildFile; fileRef = A20000000000000000000006 /* AppState.swift */; };
		A10000000000000000000007 /* LocalFileStore.swift in Sources */ = {isa = PBXBuildFile; fileRef = A20000000000000000000007 /* LocalFileStore.swift */; };
		A10000000000000000000008 /* NameNormalizer.swift in Sources */ = {isa = PBXBuildFile; fileRef = A20000000000000000000008 /* NameNormalizer.swift */; };
		A10000000000000000000009 /* PaperImportService.swift in Sources */ = {isa = PBXBuildFile; fileRef = A20000000000000000000009 /* PaperImportService.swift */; };
		A1000000000000000000000A /* AddPaperView.swift in Sources */ = {isa = PBXBuildFile; fileRef = A2000000000000000000000A /* AddPaperView.swift */; };
		A1000000000000000000000C /* MainNavigationView.swift in Sources */ = {isa = PBXBuildFile; fileRef = A2000000000000000000000C /* MainNavigationView.swift */; };
		A1000000000000000000000E /* RootView.swift in Sources */ = {isa = PBXBuildFile; fileRef = A2000000000000000000000E /* RootView.swift */; };
		A1000000000000000000000F /* SettingsView.swift in Sources */ = {isa = PBXBuildFile; fileRef = A2000000000000000000000F /* SettingsView.swift */; };
		A10000000000000000000011 /* SubjectBinView.swift in Sources */ = {isa = PBXBuildFile; fileRef = A20000000000000000000011 /* SubjectBinView.swift */; };
		A10000000000000000000015 /* PDFViewerView.swift in Sources */ = {isa = PBXBuildFile; fileRef = A20000000000000000000015 /* PDFViewerView.swift */; };
		A10000000000000000000016 /* PaperViewerScreen.swift in Sources */ = {isa = PBXBuildFile; fileRef = A20000000000000000000016 /* PaperViewerScreen.swift */; };
		A10000000000000000000017 /* FlaggedQuestionCaptureService.swift in Sources */ = {isa = PBXBuildFile; fileRef = A20000000000000000000017 /* FlaggedQuestionCaptureService.swift */; };
		A10000000000000000000019 /* FlaggedQuestionsView.swift in Sources */ = {isa = PBXBuildFile; fileRef = A20000000000000000000019 /* FlaggedQuestionsView.swift */; };
		A1000000000000000000001A /* RevisionBookletService.swift in Sources */ = {isa = PBXBuildFile; fileRef = A2000000000000000000001A /* RevisionBookletService.swift */; };
		A1000000000000000000001B /* RevisionBookletsView.swift in Sources */ = {isa = PBXBuildFile; fileRef = A2000000000000000000001B /* RevisionBookletsView.swift */; };
		A1000000000000000000001C /* LibraryView.swift in Sources */ = {isa = PBXBuildFile; fileRef = A2000000000000000000001C /* LibraryView.swift */; };
		A1000000000000000000001D /* SubjectPaperCSVService.swift in Sources */ = {isa = PBXBuildFile; fileRef = A2000000000000000000001D /* SubjectPaperCSVService.swift */; };
		A1000000000000000000001E /* THSCImportRecord.swift in Sources */ = {isa = PBXBuildFile; fileRef = A2000000000000000000001E /* THSCImportRecord.swift */; };
		A1000000000000000000001F /* THSCImportService.swift in Sources */ = {isa = PBXBuildFile; fileRef = A2000000000000000000001F /* THSCImportService.swift */; };
		A10000000000000000000020 /* THSCImportView.swift in Sources */ = {isa = PBXBuildFile; fileRef = A20000000000000000000020 /* THSCImportView.swift */; };
		A10000000000000000000021 /* THSCImportCoordinator.swift in Sources */ = {isa = PBXBuildFile; fileRef = A20000000000000000000021 /* THSCImportCoordinator.swift */; };
		A10000000000000000000022 /* NESAPastPapersView.swift in Sources */ = {isa = PBXBuildFile; fileRef = A20000000000000000000022 /* NESAPastPapersView.swift */; };
		A10000000000000000000023 /* SchoolCrestService.swift in Sources */ = {isa = PBXBuildFile; fileRef = A20000000000000000000023 /* SchoolCrestService.swift */; };
		A10000000000000000000024 /* SchoolCrestLookupService.swift in Sources */ = {isa = PBXBuildFile; fileRef = A20000000000000000000024 /* SchoolCrestLookupService.swift */; };
		A10000000000000000000025 /* School Crest Pack in Resources */ = {isa = PBXBuildFile; fileRef = A20000000000000000000025 /* School Crest Pack */; };
		A10000000000000000000026 /* FinderRevealService.swift in Sources */ = {isa = PBXBuildFile; fileRef = A20000000000000000000026 /* FinderRevealService.swift */; };
		A10000000000000000000027 /* Assets.xcassets in Resources */ = {isa = PBXBuildFile; fileRef = A20000000000000000000027 /* Assets.xcassets */; };
		A10000000000000000000029 /* AppDirectories.swift in Sources */ = {isa = PBXBuildFile; fileRef = A20000000000000000000029 /* AppDirectories.swift */; };
		A1000000000000000000002A /* LibraryExportService.swift in Sources */ = {isa = PBXBuildFile; fileRef = A2000000000000000000002A /* LibraryExportService.swift */; };
		A1000000000000000000002B /* StorageMigrationService.swift in Sources */ = {isa = PBXBuildFile; fileRef = A2000000000000000000002B /* StorageMigrationService.swift */; };
		A1000000000000000000002C /* PaperValidation.swift in Sources */ = {isa = PBXBuildFile; fileRef = A2000000000000000000002C /* PaperValidation.swift */; };
		A1000000000000000000002D /* PaperFileNames.swift in Sources */ = {isa = PBXBuildFile; fileRef = A2000000000000000000002D /* PaperFileNames.swift */; };
		A1000000000000000000002E /* LibraryFolderCard.swift in Sources */ = {isa = PBXBuildFile; fileRef = A2000000000000000000002E /* LibraryFolderCard.swift */; };
		A1000000000000000000002F /* PaperLibraryCard.swift in Sources */ = {isa = PBXBuildFile; fileRef = A2000000000000000000002F /* PaperLibraryCard.swift */; };
		A10000000000000000000030 /* SchoolFolderCard.swift in Sources */ = {isa = PBXBuildFile; fileRef = A20000000000000000000030 /* SchoolFolderCard.swift */; };
		A10000000000000000000031 /* SubjectEditor.swift in Sources */ = {isa = PBXBuildFile; fileRef = A20000000000000000000031 /* SubjectEditor.swift */; };
		A10000000000000000000032 /* LibraryMutationService.swift in Sources */ = {isa = PBXBuildFile; fileRef = A20000000000000000000032 /* LibraryMutationService.swift */; };
		A10000000000000000000034 /* FlaggedQuestionSaveService.swift in Sources */ = {isa = PBXBuildFile; fileRef = A20000000000000000000034 /* FlaggedQuestionSaveService.swift */; };
		A10000000000000000000035 /* THSCSourcePresets.swift in Sources */ = {isa = PBXBuildFile; fileRef = A20000000000000000000035 /* THSCSourcePresets.swift */; };
		A10000000000000000000036 /* NESAPastPaperCatalogue.swift in Sources */ = {isa = PBXBuildFile; fileRef = A20000000000000000000036 /* NESAPastPaperCatalogue.swift */; };
		A10000000000000000000037 /* StoredFilePath.swift in Sources */ = {isa = PBXBuildFile; fileRef = A20000000000000000000037 /* StoredFilePath.swift */; };
		A10000000000000000000038 /* BinDeletionService.swift in Sources */ = {isa = PBXBuildFile; fileRef = A20000000000000000000038 /* BinDeletionService.swift */; };
		A10000000000000000000039 /* SubjectLibraryView.swift in Sources */ = {isa = PBXBuildFile; fileRef = A20000000000000000000039 /* SubjectLibraryView.swift */; };
		A1000000000000000000003A /* SchoolLibraryView.swift in Sources */ = {isa = PBXBuildFile; fileRef = A2000000000000000000003A /* SchoolLibraryView.swift */; };
		A1000000000000000000003B /* LibraryExportFolderPicker.swift in Sources */ = {isa = PBXBuildFile; fileRef = A2000000000000000000003B /* LibraryExportFolderPicker.swift */; };
		A1000000000000000000003C /* FlaggedQuestionFilters.swift in Sources */ = {isa = PBXBuildFile; fileRef = A2000000000000000000003C /* FlaggedQuestionFilters.swift */; };
		A1000000000000000000003D /* FlaggedSubjectFolderCard.swift in Sources */ = {isa = PBXBuildFile; fileRef = A2000000000000000000003D /* FlaggedSubjectFolderCard.swift */; };
		A1000000000000000000003E /* FlaggedQuestionRow.swift in Sources */ = {isa = PBXBuildFile; fileRef = A2000000000000000000003E /* FlaggedQuestionRow.swift */; };
		A1000000000000000000003F /* StoredImage.swift in Sources */ = {isa = PBXBuildFile; fileRef = A2000000000000000000003F /* StoredImage.swift */; };
		A10000000000000000000040 /* FlaggedQuestionDetailView.swift in Sources */ = {isa = PBXBuildFile; fileRef = A20000000000000000000040 /* FlaggedQuestionDetailView.swift */; };
		A10000000000000000000041 /* FlaggedQuestionExportFolderPicker.swift in Sources */ = {isa = PBXBuildFile; fileRef = A20000000000000000000041 /* FlaggedQuestionExportFolderPicker.swift */; };
		A10000000000000000000042 /* SubjectFlaggedQuestionsView.swift in Sources */ = {isa = PBXBuildFile; fileRef = A20000000000000000000042 /* SubjectFlaggedQuestionsView.swift */; };
		A10000000000000000000043 /* PaperViewingMode.swift in Sources */ = {isa = PBXBuildFile; fileRef = A20000000000000000000043 /* PaperViewingMode.swift */; };
		A10000000000000000000044 /* PaperViewerPenPalette.swift in Sources */ = {isa = PBXBuildFile; fileRef = A20000000000000000000044 /* PaperViewerPenPalette.swift */; };
		A10000000000000000000045 /* PenCircle.swift in Sources */ = {isa = PBXBuildFile; fileRef = A20000000000000000000045 /* PenCircle.swift */; };
		A10000000000000000000046 /* SolutionsStartPagePickerSheet.swift in Sources */ = {isa = PBXBuildFile; fileRef = A20000000000000000000046 /* SolutionsStartPagePickerSheet.swift */; };
		A10000000000000000000047 /* PaperViewerToolbar.swift in Sources */ = {isa = PBXBuildFile; fileRef = A20000000000000000000047 /* PaperViewerToolbar.swift */; };
		A10000000000000000000048 /* PaperViewerCapture.swift in Sources */ = {isa = PBXBuildFile; fileRef = A20000000000000000000048 /* PaperViewerCapture.swift */; };
		A10000000000000000000049 /* PaperViewerDocumentContent.swift in Sources */ = {isa = PBXBuildFile; fileRef = A20000000000000000000049 /* PaperViewerDocumentContent.swift */; };
		A1000000000000000000004A /* PDFPageSelection.swift in Sources */ = {isa = PBXBuildFile; fileRef = A2000000000000000000004A /* PDFPageSelection.swift */; };
		A1000000000000000000004B /* PDFDocumentLoader.swift in Sources */ = {isa = PBXBuildFile; fileRef = A2000000000000000000004B /* PDFDocumentLoader.swift */; };
		A1000000000000000000004C /* PDFAnnotationSession.swift in Sources */ = {isa = PBXBuildFile; fileRef = A2000000000000000000004C /* PDFAnnotationSession.swift */; };
		A1000000000000000000004D /* PDFViewerController.swift in Sources */ = {isa = PBXBuildFile; fileRef = A2000000000000000000004D /* PDFViewerController.swift */; };
		A1000000000000000000004E /* PDFPagePreviewView.swift in Sources */ = {isa = PBXBuildFile; fileRef = A2000000000000000000004E /* PDFPagePreviewView.swift */; };
		A1000000000000000000004F /* PDFCaptureOverlayView.swift in Sources */ = {isa = PBXBuildFile; fileRef = A2000000000000000000004F /* PDFCaptureOverlayView.swift */; };
		A10000000000000000000050 /* SelectablePDFView.swift in Sources */ = {isa = PBXBuildFile; fileRef = A20000000000000000000050 /* SelectablePDFView.swift */; };
		A10000000000000000000051 /* PDFAnnotationEditing.swift in Sources */ = {isa = PBXBuildFile; fileRef = A20000000000000000000051 /* PDFAnnotationEditing.swift */; };
		A10000000000000000000052 /* PDFDrawingTypes.swift in Sources */ = {isa = PBXBuildFile; fileRef = A20000000000000000000052 /* PDFDrawingTypes.swift */; };
		A10000000000000000000053 /* PDFInkOverlayProvider.swift in Sources */ = {isa = PBXBuildFile; fileRef = A20000000000000000000053 /* PDFInkOverlayProvider.swift */; };
		A10000000000000000000054 /* PDFInkOverlayView.swift in Sources */ = {isa = PBXBuildFile; fileRef = A20000000000000000000054 /* PDFInkOverlayView.swift */; };
		A10000000000000000000055 /* PDFInkGeometry.swift in Sources */ = {isa = PBXBuildFile; fileRef = A20000000000000000000055 /* PDFInkGeometry.swift */; };
		A10000000000000000000056 /* NSColor+Hex.swift in Sources */ = {isa = PBXBuildFile; fileRef = A20000000000000000000056 /* NSColor+Hex.swift */; };
		A10000000000000000000057 /* THSCImportModels.swift in Sources */ = {isa = PBXBuildFile; fileRef = A20000000000000000000057 /* THSCImportModels.swift */; };
		A10000000000000000000058 /* THSCImportControls.swift in Sources */ = {isa = PBXBuildFile; fileRef = A20000000000000000000058 /* THSCImportControls.swift */; };
		A10000000000000000000059 /* THSCPaperListView.swift in Sources */ = {isa = PBXBuildFile; fileRef = A20000000000000000000059 /* THSCPaperListView.swift */; };
		A1000000000000000000005A /* THSCImportBar.swift in Sources */ = {isa = PBXBuildFile; fileRef = A2000000000000000000005A /* THSCImportBar.swift */; };
		A1000000000000000000005B /* RevisionBookletFilters.swift in Sources */ = {isa = PBXBuildFile; fileRef = A2000000000000000000005B /* RevisionBookletFilters.swift */; };
		A1000000000000000000005C /* RevisionBookletControls.swift in Sources */ = {isa = PBXBuildFile; fileRef = A2000000000000000000005C /* RevisionBookletControls.swift */; };
		A1000000000000000000005D /* RevisionBookletQuestionRow.swift in Sources */ = {isa = PBXBuildFile; fileRef = A2000000000000000000005D /* RevisionBookletQuestionRow.swift */; };
		A1000000000000000000005E /* PDFPickerTarget.swift in Sources */ = {isa = PBXBuildFile; fileRef = A2000000000000000000005E /* PDFPickerTarget.swift */; };
/* End PBXBuildFile section */

/* Begin PBXFileReference section */
		A20000000000000000000001 /* TrialPracticeApp.swift */ = {isa = PBXFileReference; lastKnownFileType = sourcecode.swift; path = TrialPracticeApp.swift; sourceTree = "<group>"; };
		A20000000000000000000002 /* FlaggedQuestion.swift */ = {isa = PBXFileReference; lastKnownFileType = sourcecode.swift; path = FlaggedQuestion.swift; sourceTree = "<group>"; };
		A20000000000000000000003 /* Paper.swift */ = {isa = PBXFileReference; lastKnownFileType = sourcecode.swift; path = Paper.swift; sourceTree = "<group>"; };
		A20000000000000000000004 /* School.swift */ = {isa = PBXFileReference; lastKnownFileType = sourcecode.swift; path = School.swift; sourceTree = "<group>"; };
		A20000000000000000000005 /* Subject.swift */ = {isa = PBXFileReference; lastKnownFileType = sourcecode.swift; path = Subject.swift; sourceTree = "<group>"; };
		A20000000000000000000006 /* AppState.swift */ = {isa = PBXFileReference; lastKnownFileType = sourcecode.swift; path = AppState.swift; sourceTree = "<group>"; };
		A20000000000000000000007 /* LocalFileStore.swift */ = {isa = PBXFileReference; lastKnownFileType = sourcecode.swift; path = LocalFileStore.swift; sourceTree = "<group>"; };
		A20000000000000000000008 /* NameNormalizer.swift */ = {isa = PBXFileReference; lastKnownFileType = sourcecode.swift; path = NameNormalizer.swift; sourceTree = "<group>"; };
		A20000000000000000000009 /* PaperImportService.swift */ = {isa = PBXFileReference; lastKnownFileType = sourcecode.swift; path = PaperImportService.swift; sourceTree = "<group>"; };
		A2000000000000000000000A /* AddPaperView.swift */ = {isa = PBXFileReference; lastKnownFileType = sourcecode.swift; path = AddPaperView.swift; sourceTree = "<group>"; };
		A2000000000000000000000C /* MainNavigationView.swift */ = {isa = PBXFileReference; lastKnownFileType = sourcecode.swift; path = MainNavigationView.swift; sourceTree = "<group>"; };
		A2000000000000000000000E /* RootView.swift */ = {isa = PBXFileReference; lastKnownFileType = sourcecode.swift; path = RootView.swift; sourceTree = "<group>"; };
		A2000000000000000000000F /* SettingsView.swift */ = {isa = PBXFileReference; lastKnownFileType = sourcecode.swift; path = SettingsView.swift; sourceTree = "<group>"; };
		A20000000000000000000011 /* SubjectBinView.swift */ = {isa = PBXFileReference; lastKnownFileType = sourcecode.swift; path = SubjectBinView.swift; sourceTree = "<group>"; };
		A20000000000000000000013 /* TrialPracticeApp.entitlements */ = {isa = PBXFileReference; lastKnownFileType = text.plist.entitlements; path = TrialPracticeApp.entitlements; sourceTree = "<group>"; };
		A20000000000000000000014 /* HSC Trial Revision.app */ = {isa = PBXFileReference; explicitFileType = wrapper.application; includeInIndex = 0; path = "HSC Trial Revision.app"; sourceTree = BUILT_PRODUCTS_DIR; };
		A20000000000000000000015 /* PDFViewerView.swift */ = {isa = PBXFileReference; lastKnownFileType = sourcecode.swift; path = PDFViewerView.swift; sourceTree = "<group>"; };
		A20000000000000000000016 /* PaperViewerScreen.swift */ = {isa = PBXFileReference; lastKnownFileType = sourcecode.swift; path = PaperViewerScreen.swift; sourceTree = "<group>"; };
		A20000000000000000000017 /* FlaggedQuestionCaptureService.swift */ = {isa = PBXFileReference; lastKnownFileType = sourcecode.swift; path = FlaggedQuestionCaptureService.swift; sourceTree = "<group>"; };
		A20000000000000000000019 /* FlaggedQuestionsView.swift */ = {isa = PBXFileReference; lastKnownFileType = sourcecode.swift; path = FlaggedQuestionsView.swift; sourceTree = "<group>"; };
		A2000000000000000000001A /* RevisionBookletService.swift */ = {isa = PBXFileReference; lastKnownFileType = sourcecode.swift; path = RevisionBookletService.swift; sourceTree = "<group>"; };
		A2000000000000000000001B /* RevisionBookletsView.swift */ = {isa = PBXFileReference; lastKnownFileType = sourcecode.swift; path = RevisionBookletsView.swift; sourceTree = "<group>"; };
		A2000000000000000000001C /* LibraryView.swift */ = {isa = PBXFileReference; lastKnownFileType = sourcecode.swift; path = LibraryView.swift; sourceTree = "<group>"; };
		A2000000000000000000001D /* SubjectPaperCSVService.swift */ = {isa = PBXFileReference; lastKnownFileType = sourcecode.swift; path = SubjectPaperCSVService.swift; sourceTree = "<group>"; };
		A2000000000000000000001E /* THSCImportRecord.swift */ = {isa = PBXFileReference; lastKnownFileType = sourcecode.swift; path = THSCImportRecord.swift; sourceTree = "<group>"; };
		A2000000000000000000001F /* THSCImportService.swift */ = {isa = PBXFileReference; lastKnownFileType = sourcecode.swift; path = THSCImportService.swift; sourceTree = "<group>"; };
		A20000000000000000000020 /* THSCImportView.swift */ = {isa = PBXFileReference; lastKnownFileType = sourcecode.swift; path = THSCImportView.swift; sourceTree = "<group>"; };
		A20000000000000000000021 /* THSCImportCoordinator.swift */ = {isa = PBXFileReference; lastKnownFileType = sourcecode.swift; path = THSCImportCoordinator.swift; sourceTree = "<group>"; };
		A20000000000000000000022 /* NESAPastPapersView.swift */ = {isa = PBXFileReference; lastKnownFileType = sourcecode.swift; path = NESAPastPapersView.swift; sourceTree = "<group>"; };
		A20000000000000000000023 /* SchoolCrestService.swift */ = {isa = PBXFileReference; lastKnownFileType = sourcecode.swift; path = SchoolCrestService.swift; sourceTree = "<group>"; };
		A20000000000000000000024 /* SchoolCrestLookupService.swift */ = {isa = PBXFileReference; lastKnownFileType = sourcecode.swift; path = SchoolCrestLookupService.swift; sourceTree = "<group>"; };
		A20000000000000000000025 /* School Crest Pack */ = {isa = PBXFileReference; lastKnownFileType = folder; path = "School Crest Pack"; sourceTree = SOURCE_ROOT; };
		A20000000000000000000026 /* FinderRevealService.swift */ = {isa = PBXFileReference; lastKnownFileType = sourcecode.swift; path = FinderRevealService.swift; sourceTree = "<group>"; };
		A20000000000000000000027 /* Assets.xcassets */ = {isa = PBXFileReference; lastKnownFileType = folder.assetcatalog; path = Assets.xcassets; sourceTree = "<group>"; };
		A20000000000000000000029 /* AppDirectories.swift */ = {isa = PBXFileReference; lastKnownFileType = sourcecode.swift; path = AppDirectories.swift; sourceTree = "<group>"; };
		A2000000000000000000002A /* LibraryExportService.swift */ = {isa = PBXFileReference; lastKnownFileType = sourcecode.swift; path = LibraryExportService.swift; sourceTree = "<group>"; };
		A2000000000000000000002B /* StorageMigrationService.swift */ = {isa = PBXFileReference; lastKnownFileType = sourcecode.swift; path = StorageMigrationService.swift; sourceTree = "<group>"; };
		A2000000000000000000002C /* PaperValidation.swift */ = {isa = PBXFileReference; lastKnownFileType = sourcecode.swift; path = PaperValidation.swift; sourceTree = "<group>"; };
		A2000000000000000000002D /* PaperFileNames.swift */ = {isa = PBXFileReference; lastKnownFileType = sourcecode.swift; path = PaperFileNames.swift; sourceTree = "<group>"; };
		A2000000000000000000002E /* LibraryFolderCard.swift */ = {isa = PBXFileReference; lastKnownFileType = sourcecode.swift; path = LibraryFolderCard.swift; sourceTree = "<group>"; };
		A2000000000000000000002F /* PaperLibraryCard.swift */ = {isa = PBXFileReference; lastKnownFileType = sourcecode.swift; path = PaperLibraryCard.swift; sourceTree = "<group>"; };
		A20000000000000000000030 /* SchoolFolderCard.swift */ = {isa = PBXFileReference; lastKnownFileType = sourcecode.swift; path = SchoolFolderCard.swift; sourceTree = "<group>"; };
		A20000000000000000000031 /* SubjectEditor.swift */ = {isa = PBXFileReference; lastKnownFileType = sourcecode.swift; path = SubjectEditor.swift; sourceTree = "<group>"; };
		A20000000000000000000032 /* LibraryMutationService.swift */ = {isa = PBXFileReference; lastKnownFileType = sourcecode.swift; path = LibraryMutationService.swift; sourceTree = "<group>"; };
		A20000000000000000000034 /* FlaggedQuestionSaveService.swift */ = {isa = PBXFileReference; lastKnownFileType = sourcecode.swift; path = FlaggedQuestionSaveService.swift; sourceTree = "<group>"; };
		A20000000000000000000035 /* THSCSourcePresets.swift */ = {isa = PBXFileReference; lastKnownFileType = sourcecode.swift; path = THSCSourcePresets.swift; sourceTree = "<group>"; };
		A20000000000000000000036 /* NESAPastPaperCatalogue.swift */ = {isa = PBXFileReference; lastKnownFileType = sourcecode.swift; path = NESAPastPaperCatalogue.swift; sourceTree = "<group>"; };
		A20000000000000000000037 /* StoredFilePath.swift */ = {isa = PBXFileReference; lastKnownFileType = sourcecode.swift; path = StoredFilePath.swift; sourceTree = "<group>"; };
		A20000000000000000000038 /* BinDeletionService.swift */ = {isa = PBXFileReference; lastKnownFileType = sourcecode.swift; path = BinDeletionService.swift; sourceTree = "<group>"; };
		A20000000000000000000039 /* SubjectLibraryView.swift */ = {isa = PBXFileReference; lastKnownFileType = sourcecode.swift; path = SubjectLibraryView.swift; sourceTree = "<group>"; };
		A2000000000000000000003A /* SchoolLibraryView.swift */ = {isa = PBXFileReference; lastKnownFileType = sourcecode.swift; path = SchoolLibraryView.swift; sourceTree = "<group>"; };
		A2000000000000000000003B /* LibraryExportFolderPicker.swift */ = {isa = PBXFileReference; lastKnownFileType = sourcecode.swift; path = LibraryExportFolderPicker.swift; sourceTree = "<group>"; };
		A2000000000000000000003C /* FlaggedQuestionFilters.swift */ = {isa = PBXFileReference; lastKnownFileType = sourcecode.swift; path = FlaggedQuestionFilters.swift; sourceTree = "<group>"; };
		A2000000000000000000003D /* FlaggedSubjectFolderCard.swift */ = {isa = PBXFileReference; lastKnownFileType = sourcecode.swift; path = FlaggedSubjectFolderCard.swift; sourceTree = "<group>"; };
		A2000000000000000000003E /* FlaggedQuestionRow.swift */ = {isa = PBXFileReference; lastKnownFileType = sourcecode.swift; path = FlaggedQuestionRow.swift; sourceTree = "<group>"; };
		A2000000000000000000003F /* StoredImage.swift */ = {isa = PBXFileReference; lastKnownFileType = sourcecode.swift; path = StoredImage.swift; sourceTree = "<group>"; };
		A20000000000000000000040 /* FlaggedQuestionDetailView.swift */ = {isa = PBXFileReference; lastKnownFileType = sourcecode.swift; path = FlaggedQuestionDetailView.swift; sourceTree = "<group>"; };
		A20000000000000000000041 /* FlaggedQuestionExportFolderPicker.swift */ = {isa = PBXFileReference; lastKnownFileType = sourcecode.swift; path = FlaggedQuestionExportFolderPicker.swift; sourceTree = "<group>"; };
		A20000000000000000000042 /* SubjectFlaggedQuestionsView.swift */ = {isa = PBXFileReference; lastKnownFileType = sourcecode.swift; path = SubjectFlaggedQuestionsView.swift; sourceTree = "<group>"; };
		A20000000000000000000043 /* PaperViewingMode.swift */ = {isa = PBXFileReference; lastKnownFileType = sourcecode.swift; path = PaperViewingMode.swift; sourceTree = "<group>"; };
		A20000000000000000000044 /* PaperViewerPenPalette.swift */ = {isa = PBXFileReference; lastKnownFileType = sourcecode.swift; path = PaperViewerPenPalette.swift; sourceTree = "<group>"; };
		A20000000000000000000045 /* PenCircle.swift */ = {isa = PBXFileReference; lastKnownFileType = sourcecode.swift; path = PenCircle.swift; sourceTree = "<group>"; };
		A20000000000000000000046 /* SolutionsStartPagePickerSheet.swift */ = {isa = PBXFileReference; lastKnownFileType = sourcecode.swift; path = SolutionsStartPagePickerSheet.swift; sourceTree = "<group>"; };
		A20000000000000000000047 /* PaperViewerToolbar.swift */ = {isa = PBXFileReference; lastKnownFileType = sourcecode.swift; path = PaperViewerToolbar.swift; sourceTree = "<group>"; };
		A20000000000000000000048 /* PaperViewerCapture.swift */ = {isa = PBXFileReference; lastKnownFileType = sourcecode.swift; path = PaperViewerCapture.swift; sourceTree = "<group>"; };
		A20000000000000000000049 /* PaperViewerDocumentContent.swift */ = {isa = PBXFileReference; lastKnownFileType = sourcecode.swift; path = PaperViewerDocumentContent.swift; sourceTree = "<group>"; };
		A2000000000000000000004A /* PDFPageSelection.swift */ = {isa = PBXFileReference; lastKnownFileType = sourcecode.swift; path = PDFPageSelection.swift; sourceTree = "<group>"; };
		A2000000000000000000004B /* PDFDocumentLoader.swift */ = {isa = PBXFileReference; lastKnownFileType = sourcecode.swift; path = PDFDocumentLoader.swift; sourceTree = "<group>"; };
		A2000000000000000000004C /* PDFAnnotationSession.swift */ = {isa = PBXFileReference; lastKnownFileType = sourcecode.swift; path = PDFAnnotationSession.swift; sourceTree = "<group>"; };
		A2000000000000000000004D /* PDFViewerController.swift */ = {isa = PBXFileReference; lastKnownFileType = sourcecode.swift; path = PDFViewerController.swift; sourceTree = "<group>"; };
		A2000000000000000000004E /* PDFPagePreviewView.swift */ = {isa = PBXFileReference; lastKnownFileType = sourcecode.swift; path = PDFPagePreviewView.swift; sourceTree = "<group>"; };
		A2000000000000000000004F /* PDFCaptureOverlayView.swift */ = {isa = PBXFileReference; lastKnownFileType = sourcecode.swift; path = PDFCaptureOverlayView.swift; sourceTree = "<group>"; };
		A20000000000000000000050 /* SelectablePDFView.swift */ = {isa = PBXFileReference; lastKnownFileType = sourcecode.swift; path = SelectablePDFView.swift; sourceTree = "<group>"; };
		A20000000000000000000051 /* PDFAnnotationEditing.swift */ = {isa = PBXFileReference; lastKnownFileType = sourcecode.swift; path = PDFAnnotationEditing.swift; sourceTree = "<group>"; };
		A20000000000000000000052 /* PDFDrawingTypes.swift */ = {isa = PBXFileReference; lastKnownFileType = sourcecode.swift; path = PDFDrawingTypes.swift; sourceTree = "<group>"; };
		A20000000000000000000053 /* PDFInkOverlayProvider.swift */ = {isa = PBXFileReference; lastKnownFileType = sourcecode.swift; path = PDFInkOverlayProvider.swift; sourceTree = "<group>"; };
		A20000000000000000000054 /* PDFInkOverlayView.swift */ = {isa = PBXFileReference; lastKnownFileType = sourcecode.swift; path = PDFInkOverlayView.swift; sourceTree = "<group>"; };
		A20000000000000000000055 /* PDFInkGeometry.swift */ = {isa = PBXFileReference; lastKnownFileType = sourcecode.swift; path = PDFInkGeometry.swift; sourceTree = "<group>"; };
		A20000000000000000000056 /* NSColor+Hex.swift */ = {isa = PBXFileReference; lastKnownFileType = sourcecode.swift; path = "NSColor+Hex.swift"; sourceTree = "<group>"; };
		A20000000000000000000057 /* THSCImportModels.swift */ = {isa = PBXFileReference; lastKnownFileType = sourcecode.swift; path = THSCImportModels.swift; sourceTree = "<group>"; };
		A20000000000000000000058 /* THSCImportControls.swift */ = {isa = PBXFileReference; lastKnownFileType = sourcecode.swift; path = THSCImportControls.swift; sourceTree = "<group>"; };
		A20000000000000000000059 /* THSCPaperListView.swift */ = {isa = PBXFileReference; lastKnownFileType = sourcecode.swift; path = THSCPaperListView.swift; sourceTree = "<group>"; };
		A2000000000000000000005A /* THSCImportBar.swift */ = {isa = PBXFileReference; lastKnownFileType = sourcecode.swift; path = THSCImportBar.swift; sourceTree = "<group>"; };
		A2000000000000000000005B /* RevisionBookletFilters.swift */ = {isa = PBXFileReference; lastKnownFileType = sourcecode.swift; path = RevisionBookletFilters.swift; sourceTree = "<group>"; };
		A2000000000000000000005C /* RevisionBookletControls.swift */ = {isa = PBXFileReference; lastKnownFileType = sourcecode.swift; path = RevisionBookletControls.swift; sourceTree = "<group>"; };
		A2000000000000000000005D /* RevisionBookletQuestionRow.swift */ = {isa = PBXFileReference; lastKnownFileType = sourcecode.swift; path = RevisionBookletQuestionRow.swift; sourceTree = "<group>"; };
		A2000000000000000000005E /* PDFPickerTarget.swift */ = {isa = PBXFileReference; lastKnownFileType = sourcecode.swift; path = PDFPickerTarget.swift; sourceTree = "<group>"; };
/* End PBXFileReference section */

/* Begin PBXFrameworksBuildPhase section */
		A30000000000000000000001 /* Frameworks */ = {
			isa = PBXFrameworksBuildPhase;
			buildActionMask = 2147483647;
			files = (
			);
			runOnlyForDeploymentPostprocessing = 0;
		};
/* End PBXFrameworksBuildPhase section */

/* Begin PBXGroup section */
		A40000000000000000000001 = {
			isa = PBXGroup;
			children = (
				A40000000000000000000002 /* Sources/TrialPracticeApp */,
				A20000000000000000000025 /* School Crest Pack */,
				A40000000000000000000006 /* Products */,
			);
			sourceTree = "<group>";
		};
		A40000000000000000000002 /* Sources/TrialPracticeApp */ = {
			isa = PBXGroup;
			children = (
				A20000000000000000000001 /* TrialPracticeApp.swift */,
				A20000000000000000000027 /* Assets.xcassets */,
				A40000000000000000000009 /* Features */,
				A40000000000000000000007 /* Infrastructure */,
				A40000000000000000000003 /* Models */,
				A40000000000000000000004 /* Services */,
				A40000000000000000000005 /* Views */,
				A20000000000000000000013 /* TrialPracticeApp.entitlements */,
			);
			path = Sources/TrialPracticeApp;
			sourceTree = SOURCE_ROOT;
		};
		A40000000000000000000003 /* Models */ = {
			isa = PBXGroup;
			children = (
				A20000000000000000000002 /* FlaggedQuestion.swift */,
				A20000000000000000000003 /* Paper.swift */,
				A20000000000000000000004 /* School.swift */,
				A20000000000000000000005 /* Subject.swift */,
				A2000000000000000000001E /* THSCImportRecord.swift */,
			);
			path = Models;
			sourceTree = "<group>";
		};
		A40000000000000000000004 /* Services */ = {
			isa = PBXGroup;
			children = (
				A20000000000000000000029 /* AppDirectories.swift */,
				A20000000000000000000006 /* AppState.swift */,
				A2000000000000000000002A /* LibraryExportService.swift */,
				A20000000000000000000032 /* LibraryMutationService.swift */,
				A20000000000000000000007 /* LocalFileStore.swift */,
				A20000000000000000000008 /* NameNormalizer.swift */,
				A20000000000000000000009 /* PaperImportService.swift */,
				A20000000000000000000017 /* FlaggedQuestionCaptureService.swift */,
				A20000000000000000000034 /* FlaggedQuestionSaveService.swift */,
				A2000000000000000000001A /* RevisionBookletService.swift */,
				A2000000000000000000001D /* SubjectPaperCSVService.swift */,
				A2000000000000000000001F /* THSCImportService.swift */,
				A20000000000000000000035 /* THSCSourcePresets.swift */,
				A20000000000000000000021 /* THSCImportCoordinator.swift */,
				A20000000000000000000023 /* SchoolCrestService.swift */,
				A20000000000000000000024 /* SchoolCrestLookupService.swift */,
				A20000000000000000000026 /* FinderRevealService.swift */,
			);
			path = Services;
			sourceTree = "<group>";
		};
		A40000000000000000000005 /* Views */ = {
			isa = PBXGroup;
			children = (
				A2000000000000000000000A /* AddPaperView.swift */,
				A20000000000000000000019 /* FlaggedQuestionsView.swift */,
				A2000000000000000000001C /* LibraryView.swift */,
				A2000000000000000000000C /* MainNavigationView.swift */,
				A20000000000000000000022 /* NESAPastPapersView.swift */,
				A20000000000000000000015 /* PDFViewerView.swift */,
				A20000000000000000000016 /* PaperViewerScreen.swift */,
				A2000000000000000000001B /* RevisionBookletsView.swift */,
				A2000000000000000000000E /* RootView.swift */,
				A2000000000000000000000F /* SettingsView.swift */,
				A20000000000000000000011 /* SubjectBinView.swift */,
				A20000000000000000000020 /* THSCImportView.swift */,
			);
			path = Views;
			sourceTree = "<group>";
		};
		A40000000000000000000006 /* Products */ = {
			isa = PBXGroup;
			children = (
				A20000000000000000000014 /* HSC Trial Revision.app */,
			);
			name = Products;
			sourceTree = "<group>";
		};
		A40000000000000000000007 /* Infrastructure */ = {
			isa = PBXGroup;
			children = (
				A4000000000000000000000D /* PDF */,
				A40000000000000000000008 /* Storage */,
			);
			path = Infrastructure;
			sourceTree = "<group>";
		};
		A4000000000000000000000D /* PDF */ = {
			isa = PBXGroup;
			children = (
				A2000000000000000000004A /* PDFPageSelection.swift */,
				A2000000000000000000004B /* PDFDocumentLoader.swift */,
				A2000000000000000000004C /* PDFAnnotationSession.swift */,
				A2000000000000000000004D /* PDFViewerController.swift */,
				A2000000000000000000004E /* PDFPagePreviewView.swift */,
				A2000000000000000000004F /* PDFCaptureOverlayView.swift */,
				A20000000000000000000050 /* SelectablePDFView.swift */,
				A20000000000000000000051 /* PDFAnnotationEditing.swift */,
				A20000000000000000000052 /* PDFDrawingTypes.swift */,
				A20000000000000000000053 /* PDFInkOverlayProvider.swift */,
				A20000000000000000000054 /* PDFInkOverlayView.swift */,
				A20000000000000000000055 /* PDFInkGeometry.swift */,
				A20000000000000000000056 /* NSColor+Hex.swift */,
			);
			path = PDF;
			sourceTree = "<group>";
		};
		A40000000000000000000008 /* Storage */ = {
			isa = PBXGroup;
			children = (
				A2000000000000000000002B /* StorageMigrationService.swift */,
				A20000000000000000000037 /* StoredFilePath.swift */,
			);
			path = Storage;
			sourceTree = "<group>";
		};
		A40000000000000000000009 /* Features */ = {
			isa = PBXGroup;
			children = (
				A4000000000000000000000F /* Bin */,
				A40000000000000000000010 /* FlaggedQuestions */,
				A4000000000000000000000B /* Library */,
				A4000000000000000000000E /* NESA */,
				A4000000000000000000000A /* PaperImport */,
				A40000000000000000000012 /* PaperViewer */,
				A40000000000000000000014 /* RevisionBooklets */,
				A40000000000000000000013 /* THSCImport */,
			);
			path = Features;
			sourceTree = "<group>";
		};
		A40000000000000000000014 /* RevisionBooklets */ = {
			isa = PBXGroup;
			children = (
				A2000000000000000000005B /* RevisionBookletFilters.swift */,
				A2000000000000000000005C /* RevisionBookletControls.swift */,
				A2000000000000000000005D /* RevisionBookletQuestionRow.swift */,
			);
			path = RevisionBooklets;
			sourceTree = "<group>";
		};
		A40000000000000000000013 /* THSCImport */ = {
			isa = PBXGroup;
			children = (
				A20000000000000000000057 /* THSCImportModels.swift */,
				A20000000000000000000058 /* THSCImportControls.swift */,
				A20000000000000000000059 /* THSCPaperListView.swift */,
				A2000000000000000000005A /* THSCImportBar.swift */,
			);
			path = THSCImport;
			sourceTree = "<group>";
		};
		A40000000000000000000012 /* PaperViewer */ = {
			isa = PBXGroup;
			children = (
				A20000000000000000000043 /* PaperViewingMode.swift */,
				A20000000000000000000044 /* PaperViewerPenPalette.swift */,
				A20000000000000000000045 /* PenCircle.swift */,
				A20000000000000000000046 /* SolutionsStartPagePickerSheet.swift */,
				A20000000000000000000047 /* PaperViewerToolbar.swift */,
				A20000000000000000000048 /* PaperViewerCapture.swift */,
				A20000000000000000000049 /* PaperViewerDocumentContent.swift */,
			);
			path = PaperViewer;
			sourceTree = "<group>";
		};
		A4000000000000000000000F /* Bin */ = {
			isa = PBXGroup;
			children = (
				A20000000000000000000038 /* BinDeletionService.swift */,
			);
			path = Bin;
			sourceTree = "<group>";
		};
		A40000000000000000000010 /* FlaggedQuestions */ = {
			isa = PBXGroup;
			children = (
				A20000000000000000000042 /* SubjectFlaggedQuestionsView.swift */,
				A20000000000000000000040 /* FlaggedQuestionDetailView.swift */,
				A20000000000000000000041 /* FlaggedQuestionExportFolderPicker.swift */,
				A2000000000000000000003C /* FlaggedQuestionFilters.swift */,
				A40000000000000000000011 /* Components */,
			);
			path = FlaggedQuestions;
			sourceTree = "<group>";
		};
		A40000000000000000000011 /* Components */ = {
			isa = PBXGroup;
			children = (
				A2000000000000000000003E /* FlaggedQuestionRow.swift */,
				A2000000000000000000003F /* StoredImage.swift */,
				A2000000000000000000003D /* FlaggedSubjectFolderCard.swift */,
			);
			path = Components;
			sourceTree = "<group>";
		};
		A4000000000000000000000E /* NESA */ = {
			isa = PBXGroup;
			children = (
				A20000000000000000000036 /* NESAPastPaperCatalogue.swift */,
			);
			path = NESA;
			sourceTree = "<group>";
		};
		A4000000000000000000000A /* PaperImport */ = {
			isa = PBXGroup;
			children = (
				A2000000000000000000005E /* PDFPickerTarget.swift */,
				A2000000000000000000002D /* PaperFileNames.swift */,
				A2000000000000000000002C /* PaperValidation.swift */,
			);
			path = PaperImport;
			sourceTree = "<group>";
		};
		A4000000000000000000000B /* Library */ = {
			isa = PBXGroup;
			children = (
				A2000000000000000000003B /* LibraryExportFolderPicker.swift */,
				A2000000000000000000003A /* SchoolLibraryView.swift */,
				A20000000000000000000039 /* SubjectLibraryView.swift */,
				A4000000000000000000000C /* Components */,
			);
			path = Library;
			sourceTree = "<group>";
		};
		A4000000000000000000000C /* Components */ = {
			isa = PBXGroup;
			children = (
				A2000000000000000000002E /* LibraryFolderCard.swift */,
				A2000000000000000000002F /* PaperLibraryCard.swift */,
				A20000000000000000000030 /* SchoolFolderCard.swift */,
				A20000000000000000000031 /* SubjectEditor.swift */,
			);
			path = Components;
			sourceTree = "<group>";
		};
/* End PBXGroup section */

/* Begin PBXNativeTarget section */
		A50000000000000000000001 /* TrialPracticeApp */ = {
			isa = PBXNativeTarget;
			buildConfigurationList = A90000000000000000000002 /* Build configuration list for PBXNativeTarget "TrialPracticeApp" */;
			buildPhases = (
				A60000000000000000000001 /* Sources */,
				A30000000000000000000001 /* Frameworks */,
				A60000000000000000000002 /* Resources */,
			);
			buildRules = (
			);
			dependencies = (
			);
			name = TrialPracticeApp;
			productName = TrialPracticeApp;
			productReference = A20000000000000000000014 /* HSC Trial Revision.app */;
			productType = "com.apple.product-type.application";
		};
/* End PBXNativeTarget section */

/* Begin PBXProject section */
		A70000000000000000000001 /* Project object */ = {
			isa = PBXProject;
			attributes = {
				BuildIndependentTargetsInParallel = 1;
				LastSwiftUpdateCheck = 2650;
				LastUpgradeCheck = 2650;
				TargetAttributes = {
					A50000000000000000000001 = {
						CreatedOnToolsVersion = 26.5;
					};
				};
			};
			buildConfigurationList = A90000000000000000000001 /* Build configuration list for PBXProject "TrialPracticeApp" */;
			compatibilityVersion = "Xcode 14.0";
			developmentRegion = en;
			hasScannedForEncodings = 0;
			knownRegions = (
				en,
				Base,
			);
			mainGroup = A40000000000000000000001;
			productRefGroup = A40000000000000000000006 /* Products */;
			projectDirPath = "";
			projectRoot = "";
			targets = (
				A50000000000000000000001 /* TrialPracticeApp */,
			);
		};
/* End PBXProject section */

/* Begin PBXResourcesBuildPhase section */
		A60000000000000000000002 /* Resources */ = {
			isa = PBXResourcesBuildPhase;
			buildActionMask = 2147483647;
			files = (
				A10000000000000000000025 /* School Crest Pack in Resources */,
				A10000000000000000000027 /* Assets.xcassets in Resources */,
			);
			runOnlyForDeploymentPostprocessing = 0;
		};
/* End PBXResourcesBuildPhase section */

/* Begin PBXSourcesBuildPhase section */
		A60000000000000000000001 /* Sources */ = {
			isa = PBXSourcesBuildPhase;
			buildActionMask = 2147483647;
			files = (
				A10000000000000000000001 /* TrialPracticeApp.swift in Sources */,
				A10000000000000000000002 /* FlaggedQuestion.swift in Sources */,
				A10000000000000000000003 /* Paper.swift in Sources */,
				A10000000000000000000004 /* School.swift in Sources */,
				A10000000000000000000005 /* Subject.swift in Sources */,
				A10000000000000000000006 /* AppState.swift in Sources */,
				A10000000000000000000007 /* LocalFileStore.swift in Sources */,
				A10000000000000000000008 /* NameNormalizer.swift in Sources */,
				A10000000000000000000009 /* PaperImportService.swift in Sources */,
				A1000000000000000000000A /* AddPaperView.swift in Sources */,
				A1000000000000000000000C /* MainNavigationView.swift in Sources */,
				A1000000000000000000000E /* RootView.swift in Sources */,
				A1000000000000000000000F /* SettingsView.swift in Sources */,
				A10000000000000000000011 /* SubjectBinView.swift in Sources */,
				A10000000000000000000015 /* PDFViewerView.swift in Sources */,
				A10000000000000000000016 /* PaperViewerScreen.swift in Sources */,
				A10000000000000000000017 /* FlaggedQuestionCaptureService.swift in Sources */,
				A10000000000000000000019 /* FlaggedQuestionsView.swift in Sources */,
				A1000000000000000000001A /* RevisionBookletService.swift in Sources */,
				A1000000000000000000001D /* SubjectPaperCSVService.swift in Sources */,
				A1000000000000000000001B /* RevisionBookletsView.swift in Sources */,
				A1000000000000000000001C /* LibraryView.swift in Sources */,
				A1000000000000000000001E /* THSCImportRecord.swift in Sources */,
				A1000000000000000000001F /* THSCImportService.swift in Sources */,
				A10000000000000000000020 /* THSCImportView.swift in Sources */,
				A10000000000000000000021 /* THSCImportCoordinator.swift in Sources */,
				A10000000000000000000022 /* NESAPastPapersView.swift in Sources */,
				A10000000000000000000023 /* SchoolCrestService.swift in Sources */,
				A10000000000000000000024 /* SchoolCrestLookupService.swift in Sources */,
				A10000000000000000000026 /* FinderRevealService.swift in Sources */,
				A10000000000000000000029 /* AppDirectories.swift in Sources */,
				A1000000000000000000002A /* LibraryExportService.swift in Sources */,
				A1000000000000000000002B /* StorageMigrationService.swift in Sources */,
				A1000000000000000000002C /* PaperValidation.swift in Sources */,
				A1000000000000000000002D /* PaperFileNames.swift in Sources */,
				A1000000000000000000002E /* LibraryFolderCard.swift in Sources */,
				A1000000000000000000002F /* PaperLibraryCard.swift in Sources */,
				A10000000000000000000030 /* SchoolFolderCard.swift in Sources */,
				A10000000000000000000031 /* SubjectEditor.swift in Sources */,
				A10000000000000000000032 /* LibraryMutationService.swift in Sources */,
				A10000000000000000000034 /* FlaggedQuestionSaveService.swift in Sources */,
				A10000000000000000000035 /* THSCSourcePresets.swift in Sources */,
				A10000000000000000000036 /* NESAPastPaperCatalogue.swift in Sources */,
				A10000000000000000000037 /* StoredFilePath.swift in Sources */,
				A10000000000000000000038 /* BinDeletionService.swift in Sources */,
				A10000000000000000000039 /* SubjectLibraryView.swift in Sources */,
				A1000000000000000000003A /* SchoolLibraryView.swift in Sources */,
				A1000000000000000000003B /* LibraryExportFolderPicker.swift in Sources */,
				A1000000000000000000003C /* FlaggedQuestionFilters.swift in Sources */,
				A1000000000000000000003D /* FlaggedSubjectFolderCard.swift in Sources */,
				A1000000000000000000003E /* FlaggedQuestionRow.swift in Sources */,
				A1000000000000000000003F /* StoredImage.swift in Sources */,
				A10000000000000000000040 /* FlaggedQuestionDetailView.swift in Sources */,
				A10000000000000000000041 /* FlaggedQuestionExportFolderPicker.swift in Sources */,
				A10000000000000000000042 /* SubjectFlaggedQuestionsView.swift in Sources */,
				A10000000000000000000043 /* PaperViewingMode.swift in Sources */,
				A10000000000000000000044 /* PaperViewerPenPalette.swift in Sources */,
				A10000000000000000000045 /* PenCircle.swift in Sources */,
				A10000000000000000000046 /* SolutionsStartPagePickerSheet.swift in Sources */,
				A10000000000000000000047 /* PaperViewerToolbar.swift in Sources */,
				A10000000000000000000048 /* PaperViewerCapture.swift in Sources */,
				A10000000000000000000049 /* PaperViewerDocumentContent.swift in Sources */,
				A1000000000000000000004A /* PDFPageSelection.swift in Sources */,
				A1000000000000000000004B /* PDFDocumentLoader.swift in Sources */,
				A1000000000000000000004C /* PDFAnnotationSession.swift in Sources */,
				A1000000000000000000004D /* PDFViewerController.swift in Sources */,
				A1000000000000000000004E /* PDFPagePreviewView.swift in Sources */,
				A1000000000000000000004F /* PDFCaptureOverlayView.swift in Sources */,
				A10000000000000000000050 /* SelectablePDFView.swift in Sources */,
				A10000000000000000000051 /* PDFAnnotationEditing.swift in Sources */,
				A10000000000000000000052 /* PDFDrawingTypes.swift in Sources */,
				A10000000000000000000053 /* PDFInkOverlayProvider.swift in Sources */,
				A10000000000000000000054 /* PDFInkOverlayView.swift in Sources */,
				A10000000000000000000055 /* PDFInkGeometry.swift in Sources */,
				A10000000000000000000056 /* NSColor+Hex.swift in Sources */,
				A10000000000000000000057 /* THSCImportModels.swift in Sources */,
				A10000000000000000000058 /* THSCImportControls.swift in Sources */,
				A10000000000000000000059 /* THSCPaperListView.swift in Sources */,
				A1000000000000000000005A /* THSCImportBar.swift in Sources */,
				A1000000000000000000005B /* RevisionBookletFilters.swift in Sources */,
				A1000000000000000000005C /* RevisionBookletControls.swift in Sources */,
				A1000000000000000000005D /* RevisionBookletQuestionRow.swift in Sources */,
				A1000000000000000000005E /* PDFPickerTarget.swift in Sources */,
			);
			runOnlyForDeploymentPostprocessing = 0;
		};
/* End PBXSourcesBuildPhase section */

/* Begin XCBuildConfiguration section */
		A80000000000000000000001 /* Debug */ = {
			isa = XCBuildConfiguration;
			buildSettings = {
				ALWAYS_SEARCH_USER_PATHS = NO;
				CLANG_ENABLE_MODULES = YES;
				CLANG_ENABLE_OBJC_ARC = YES;
				CLANG_WARN_BOOL_CONVERSION = YES;
				CLANG_WARN_CONSTANT_CONVERSION = YES;
				CLANG_WARN_DOCUMENTATION_COMMENTS = YES;
				CLANG_WARN_EMPTY_BODY = YES;
				CLANG_WARN_ENUM_CONVERSION = YES;
				CLANG_WARN_INFINITE_RECURSION = YES;
				CLANG_WARN_INT_CONVERSION = YES;
				CLANG_WARN_NON_LITERAL_NULL_CONVERSION = YES;
				CLANG_WARN_OBJC_IMPLICIT_RETAIN_SELF = YES;
				CLANG_WARN_OBJC_LITERAL_CONVERSION = YES;
				CLANG_WARN_QUOTED_INCLUDE_IN_FRAMEWORK_HEADER = YES;
				CLANG_WARN_RANGE_LOOP_ANALYSIS = YES;
				CLANG_WARN_STRICT_PROTOTYPES = YES;
				CLANG_WARN_SUSPICIOUS_MOVE = YES;
				CLANG_WARN_UNREACHABLE_CODE = YES;
				COPY_PHASE_STRIP = NO;
				DEBUG_INFORMATION_FORMAT = dwarf;
				ENABLE_TESTABILITY = YES;
				GCC_C_LANGUAGE_STANDARD = gnu17;
				GCC_NO_COMMON_BLOCKS = YES;
				GCC_OPTIMIZATION_LEVEL = 0;
				MTL_ENABLE_DEBUG_INFO = INCLUDE_SOURCE;
				ONLY_ACTIVE_ARCH = YES;
				SDKROOT = macosx;
				SWIFT_ACTIVE_COMPILATION_CONDITIONS = "DEBUG $(inherited)";
				SWIFT_OPTIMIZATION_LEVEL = "-Onone";
			};
			name = Debug;
		};
		A80000000000000000000002 /* Release */ = {
			isa = XCBuildConfiguration;
			buildSettings = {
				ALWAYS_SEARCH_USER_PATHS = NO;
				CLANG_ENABLE_MODULES = YES;
				CLANG_ENABLE_OBJC_ARC = YES;
				CLANG_WARN_BOOL_CONVERSION = YES;
				CLANG_WARN_CONSTANT_CONVERSION = YES;
				CLANG_WARN_DOCUMENTATION_COMMENTS = YES;
				CLANG_WARN_EMPTY_BODY = YES;
				CLANG_WARN_ENUM_CONVERSION = YES;
				CLANG_WARN_INFINITE_RECURSION = YES;
				CLANG_WARN_INT_CONVERSION = YES;
				CLANG_WARN_NON_LITERAL_NULL_CONVERSION = YES;
				CLANG_WARN_OBJC_IMPLICIT_RETAIN_SELF = YES;
				CLANG_WARN_OBJC_LITERAL_CONVERSION = YES;
				CLANG_WARN_QUOTED_INCLUDE_IN_FRAMEWORK_HEADER = YES;
				CLANG_WARN_RANGE_LOOP_ANALYSIS = YES;
				CLANG_WARN_STRICT_PROTOTYPES = YES;
				CLANG_WARN_SUSPICIOUS_MOVE = YES;
				CLANG_WARN_UNREACHABLE_CODE = YES;
				COPY_PHASE_STRIP = YES;
				DEBUG_INFORMATION_FORMAT = "dwarf-with-dsym";
				ENABLE_NS_ASSERTIONS = NO;
				GCC_C_LANGUAGE_STANDARD = gnu17;
				GCC_NO_COMMON_BLOCKS = YES;
				MTL_ENABLE_DEBUG_INFO = NO;
				SDKROOT = macosx;
				SWIFT_COMPILATION_MODE = wholemodule;
			};
			name = Release;
		};
		A80000000000000000000003 /* Debug */ = {
			isa = XCBuildConfiguration;
			buildSettings = {
				ASSETCATALOG_COMPILER_APPICON_NAME = AppIcon;
				CODE_SIGN_ENTITLEMENTS = Sources/TrialPracticeApp/TrialPracticeApp.entitlements;
				CODE_SIGN_STYLE = Automatic;
				COMBINE_HIDPI_IMAGES = YES;
				CURRENT_PROJECT_VERSION = 1;
				DEVELOPMENT_TEAM = 9LWD533XFV;
				ENABLE_HARDENED_RUNTIME = YES;
				ENABLE_PREVIEWS = YES;
				GENERATE_INFOPLIST_FILE = YES;
				INFOPLIST_KEY_CFBundleDisplayName = "HSC Trial Revision";
				INFOPLIST_KEY_CFBundleName = "HSC Trial Revision";
				INFOPLIST_KEY_LSApplicationCategoryType = "public.app-category.education";
				INFOPLIST_KEY_NSHumanReadableCopyright = "";
				LD_RUNPATH_SEARCH_PATHS = (
					"$(inherited)",
					"@executable_path/../Frameworks",
				);
				MACOSX_DEPLOYMENT_TARGET = 14.0;
				MARKETING_VERSION = 1.0;
				PRODUCT_BUNDLE_IDENTIFIER = "au.edu.moriah.hsc-trial-revision";
				PRODUCT_NAME = "HSC Trial Revision";
				REGISTER_APP_GROUPS = NO;
				SWIFT_EMIT_LOC_STRINGS = YES;
				SWIFT_STRICT_CONCURRENCY = complete;
				SWIFT_VERSION = 6.0;
			};
			name = Debug;
		};
		A80000000000000000000004 /* Release */ = {
			isa = XCBuildConfiguration;
			buildSettings = {
				ASSETCATALOG_COMPILER_APPICON_NAME = AppIcon;
				CODE_SIGN_ENTITLEMENTS = Sources/TrialPracticeApp/TrialPracticeApp.entitlements;
				CODE_SIGN_STYLE = Automatic;
				COMBINE_HIDPI_IMAGES = YES;
				CURRENT_PROJECT_VERSION = 1;
				DEVELOPMENT_TEAM = 9LWD533XFV;
				ENABLE_HARDENED_RUNTIME = YES;
				GENERATE_INFOPLIST_FILE = YES;
				INFOPLIST_KEY_CFBundleDisplayName = "HSC Trial Revision";
				INFOPLIST_KEY_CFBundleName = "HSC Trial Revision";
				INFOPLIST_KEY_LSApplicationCategoryType = "public.app-category.education";
				INFOPLIST_KEY_NSHumanReadableCopyright = "";
				LD_RUNPATH_SEARCH_PATHS = (
					"$(inherited)",
					"@executable_path/../Frameworks",
				);
				MACOSX_DEPLOYMENT_TARGET = 14.0;
				MARKETING_VERSION = 1.0;
				PRODUCT_BUNDLE_IDENTIFIER = "au.edu.moriah.hsc-trial-revision";
				PRODUCT_NAME = "HSC Trial Revision";
				REGISTER_APP_GROUPS = NO;
				SWIFT_EMIT_LOC_STRINGS = YES;
				SWIFT_STRICT_CONCURRENCY = complete;
				SWIFT_VERSION = 6.0;
			};
			name = Release;
		};
/* End XCBuildConfiguration section */

/* Begin XCConfigurationList section */
		A90000000000000000000001 /* Build configuration list for PBXProject "TrialPracticeApp" */ = {
			isa = XCConfigurationList;
			buildConfigurations = (
				A80000000000000000000001 /* Debug */,
				A80000000000000000000002 /* Release */,
			);
			defaultConfigurationIsVisible = 0;
			defaultConfigurationName = Release;
		};
		A90000000000000000000002 /* Build configuration list for PBXNativeTarget "TrialPracticeApp" */ = {
			isa = XCConfigurationList;
			buildConfigurations = (
				A80000000000000000000003 /* Debug */,
				A80000000000000000000004 /* Release */,
			);
			defaultConfigurationIsVisible = 0;
			defaultConfigurationName = Release;
		};
/* End XCConfigurationList section */
	};
	rootObject = A70000000000000000000001 /* Project object */;
}
