// !$*UTF8*$!
{
	archiveVersion = 1;
	classes = {
	};
	objectVersion = 56;
	objects = {

/* Begin PBXBuildFile section */
		A10000000000000000000001 /* TrialPracticeApp.swift in Sources */ = {isa = PBXBuildFile; fileRef = A20000000000000000000001 /* TrialPracticeApp.swift */; };
		A10000000000000000000002 /* FlaggedQuestion.swift in Sources */ = {isa = PBXBuildFile; fileRef = A20000000000000000000002 /* FlaggedQuestion.swift */; };
		A10000000000000000000003 /* Paper.swift in Sources */ = {isa = PBXBuildFile; fileRef = A20000000000000000000003 /* Paper.swift */; };
		A10000000000000000000004 /* School.swift in Sources */ = {isa = PBXBuildFile; fileRef = A20000000000000000000004 /* School.swift */; };
		A10000000000000000000005 /* Subject.swift in Sources */ = {isa = PBXBuildFile; fileRef = A20000000000000000000005 /* Subject.swift */; };
		A10000000000000000000006 /* AppState.swift in Sources */ = {isa = PBXBuildFile; fileRef = A20000000000000000000006 /* AppState.swift */; };
		A10000000000000000000007 /* LocalFileStore.swift in Sources */ = {isa = PBXBuildFile; fileRef = A20000000000000000000007 /* LocalFileStore.swift */; };
		A10000000000000000000008 /* NameNormalizer.swift in Sources */ = {isa = PBXBuildFile; fileRef = A20000000000000000000008 /* NameNormalizer.swift */; };
		A10000000000000000000009 /* PaperImportService.swift in Sources */ = {isa = PBXBuildFile; fileRef = A20000000000000000000009 /* PaperImportService.swift */; };
		A1000000000000000000000A /* AddPaperView.swift in Sources */ = {isa = PBXBuildFile; fileRef = A2000000000000000000000A /* AddPaperView.swift */; };
		A1000000000000000000000C /* MainNavigationView.swift in Sources */ = {isa = PBXBuildFile; fileRef = A2000000000000000000000C /* MainNavigationView.swift */; };
		A1000000000000000000000E /* RootView.swift in Sources */ = {isa = PBXBuildFile; fileRef = A2000000000000000000000E /* RootView.swift */; };
		A1000000000000000000000F /* SettingsView.swift in Sources */ = {isa = PBXBuildFile; fileRef = A2000000000000000000000F /* SettingsView.swift */; };
		A10000000000000000000011 /* SubjectBinView.swift in Sources */ = {isa = PBXBuildFile; fileRef = A20000000000000000000011 /* SubjectBinView.swift */; };
		A10000000000000000000015 /* PDFViewerView.swift in Sources */ = {isa = PBXBuildFile; fileRef = A20000000000000000000015 /* PDFViewerView.swift */; };
		A10000000000000000000016 /* PaperViewerScreen.swift in Sources */ = {isa = PBXBuildFile; fileRef = A20000000000000000000016 /* PaperViewerScreen.swift */; };
		A10000000000000000000017 /* FlaggedQuestionCaptureService.swift in Sources */ = {isa = PBXBuildFile; fileRef = A20000000000000000000017 /* FlaggedQuestionCaptureService.swift */; };
		A10000000000000000000019 /* FlaggedQuestionsView.swift in Sources */ = {isa = PBXBuildFile; fileRef = A20000000000000000000019 /* FlaggedQuestionsView.swift */; };
		A1000000000000000000001A /* RevisionBookletService.swift in Sources */ = {isa = PBXBuildFile; fileRef = A2000000000000000000001A /* RevisionBookletService.swift */; };
		A1000000000000000000001B /* RevisionBookletsView.swift in Sources */ = {isa = PBXBuildFile; fileRef = A2000000000000000000001B /* RevisionBookletsView.swift */; };
		A1000000000000000000001C /* LibraryView.swift in Sources */ = {isa = PBXBuildFile; fileRef = A2000000000000000000001C /* LibraryView.swift */; };
		A1000000000000000000001D /* SubjectPaperCSVService.swift in Sources */ = {isa = PBXBuildFile; fileRef = A2000000000000000000001D /* SubjectPaperCSVService.swift */; };
		A1000000000000000000001E /* THSCImportRecord.swift in Sources */ = {isa = PBXBuildFile; fileRef = A2000000000000000000001E /* THSCImportRecord.swift */; };
		A1000000000000000000001F /* THSCImportService.swift in Sources */ = {isa = PBXBuildFile; fileRef = A2000000000000000000001F /* THSCImportService.swift */; };
		A10000000000000000000020 /* THSCImportView.swift in Sources */ = {isa = PBXBuildFile; fileRef = A20000000000000000000020 /* THSCImportView.swift */; };
		A10000000000000000000021 /* THSCImportCoordinator.swift in Sources */ = {isa = PBXBuildFile; fileRef = A20000000000000000000021 /* THSCImportCoordinator.swift */; };
		A10000000000000000000022 /* NESAPastPapersView.swift in Sources */ = {isa = PBXBuildFile; fileRef = A20000000000000000000022 /* NESAPastPapersView.swift */; };
		A10000000000000000000023 /* SchoolCrestService.swift in Sources */ = {isa = PBXBuildFile; fileRef = A20000000000000000000023 /* SchoolCrestService.swift */; };
		A10000000000000000000024 /* SchoolCrestLookupService.swift in Sources */ = {isa = PBXBuildFile; fileRef = A20000000000000000000024 /* SchoolCrestLookupService.swift */; };
		A10000000000000000000025 /* School Crest Pack in Resources */ = {isa = PBXBuildFile; fileRef = A20000000000000000000025 /* School Crest Pack */; };
		A10000000000000000000026 /* FinderRevealService.swift in Sources */ = {isa = PBXBuildFile; fileRef = A20000000000000000000026 /* FinderRevealService.swift */; };
		A10000000000000000000027 /* Assets.xcassets in Resources */ = {isa = PBXBuildFile; fileRef = A20000000000000000000027 /* Assets.xcassets */; };
		A10000000000000000000029 /* AppDirectories.swift in Sources */ = {isa = PBXBuildFile; fileRef = A20000000000000000000029 /* AppDirectories.swift */; };
		A1000000000000000000002A /* LibraryExportService.swift in Sources */ = {isa = PBXBuildFile; fileRef = A2000000000000000000002A /* LibraryExportService.swift */; };
		A1000000000000000000002B /* StorageMigrationService.swift in Sources */ = {isa = PBXBuildFile; fileRef = A2000000000000000000002B /* StorageMigrationService.swift */; };
/* End PBXBuildFile section */

/* Begin PBXFileReference section */
		A20000000000000000000001 /* TrialPracticeApp.swift */ = {isa = PBXFileReference; lastKnownFileType = sourcecode.swift; path = TrialPracticeApp.swift; sourceTree = "<group>"; };
		A20000000000000000000002 /* FlaggedQuestion.swift */ = {isa = PBXFileReference; lastKnownFileType = sourcecode.swift; path = FlaggedQuestion.swift; sourceTree = "<group>"; };
		A20000000000000000000003 /* Paper.swift */ = {isa = PBXFileReference; lastKnownFileType = sourcecode.swift; path = Paper.swift; sourceTree = "<group>"; };
		A20000000000000000000004 /* School.swift */ = {isa = PBXFileReference; lastKnownFileType = sourcecode.swift; path = School.swift; sourceTree = "<group>"; };
		A20000000000000000000005 /* Subject.swift */ = {isa = PBXFileReference; lastKnownFileType = sourcecode.swift; path = Subject.swift; sourceTree = "<group>"; };
		A20000000000000000000006 /* AppState.swift */ = {isa = PBXFileReference; lastKnownFileType = sourcecode.swift; path = AppState.swift; sourceTree = "<group>"; };
		A20000000000000000000007 /* LocalFileStore.swift */ = {isa = PBXFileReference; lastKnownFileType = sourcecode.swift; path = LocalFileStore.swift; sourceTree = "<group>"; };
		A20000000000000000000008 /* NameNormalizer.swift */ = {isa = PBXFileReference; lastKnownFileType = sourcecode.swift; path = NameNormalizer.swift; sourceTree = "<group>"; };
		A20000000000000000000009 /* PaperImportService.swift */ = {isa = PBXFileReference; lastKnownFileType = sourcecode.swift; path = PaperImportService.swift; sourceTree = "<group>"; };
		A2000000000000000000000A /* AddPaperView.swift */ = {isa = PBXFileReference; lastKnownFileType = sourcecode.swift; path = AddPaperView.swift; sourceTree = "<group>"; };
		A2000000000000000000000C /* MainNavigationView.swift */ = {isa = PBXFileReference; lastKnownFileType = sourcecode.swift; path = MainNavigationView.swift; sourceTree = "<group>"; };
		A2000000000000000000000E /* RootView.swift */ = {isa = PBXFileReference; lastKnownFileType = sourcecode.swift; path = RootView.swift; sourceTree = "<group>"; };
		A2000000000000000000000F /* SettingsView.swift */ = {isa = PBXFileReference; lastKnownFileType = sourcecode.swift; path = SettingsView.swift; sourceTree = "<group>"; };
		A20000000000000000000011 /* SubjectBinView.swift */ = {isa = PBXFileReference; lastKnownFileType = sourcecode.swift; path = SubjectBinView.swift; sourceTree = "<group>"; };
		A20000000000000000000013 /* TrialPracticeApp.entitlements */ = {isa = PBXFileReference; lastKnownFileType = text.plist.entitlements; path = TrialPracticeApp.entitlements; sourceTree = "<group>"; };
		A20000000000000000000014 /* HSC Trial Revision.app */ = {isa = PBXFileReference; explicitFileType = wrapper.application; includeInIndex = 0; path = "HSC Trial Revision.app"; sourceTree = BUILT_PRODUCTS_DIR; };
		A20000000000000000000015 /* PDFViewerView.swift */ = {isa = PBXFileReference; lastKnownFileType = sourcecode.swift; path = PDFViewerView.swift; sourceTree = "<group>"; };
		A20000000000000000000016 /* PaperViewerScreen.swift */ = {isa = PBXFileReference; lastKnownFileType = sourcecode.swift; path = PaperViewerScreen.swift; sourceTree = "<group>"; };
		A20000000000000000000017 /* FlaggedQuestionCaptureService.swift */ = {isa = PBXFileReference; lastKnownFileType = sourcecode.swift; path = FlaggedQuestionCaptureService.swift; sourceTree = "<group>"; };
		A20000000000000000000019 /* FlaggedQuestionsView.swift */ = {isa = PBXFileReference; lastKnownFileType = sourcecode.swift; path = FlaggedQuestionsView.swift; sourceTree = "<group>"; };
		A2000000000000000000001A /* RevisionBookletService.swift */ = {isa = PBXFileReference; lastKnownFileType = sourcecode.swift; path = RevisionBookletService.swift; sourceTree = "<group>"; };
		A2000000000000000000001B /* RevisionBookletsView.swift */ = {isa = PBXFileReference; lastKnownFileType = sourcecode.swift; path = RevisionBookletsView.swift; sourceTree = "<group>"; };
		A2000000000000000000001C /* LibraryView.swift */ = {isa = PBXFileReference; lastKnownFileType = sourcecode.swift; path = LibraryView.swift; sourceTree = "<group>"; };
		A2000000000000000000001D /* SubjectPaperCSVService.swift */ = {isa = PBXFileReference; lastKnownFileType = sourcecode.swift; path = SubjectPaperCSVService.swift; sourceTree = "<group>"; };
		A2000000000000000000001E /* THSCImportRecord.swift */ = {isa = PBXFileReference; lastKnownFileType = sourcecode.swift; path = THSCImportRecord.swift; sourceTree = "<group>"; };
		A2000000000000000000001F /* THSCImportService.swift */ = {isa = PBXFileReference; lastKnownFileType = sourcecode.swift; path = THSCImportService.swift; sourceTree = "<group>"; };
		A20000000000000000000020 /* THSCImportView.swift */ = {isa = PBXFileReference; lastKnownFileType = sourcecode.swift; path = THSCImportView.swift; sourceTree = "<group>"; };
		A20000000000000000000021 /* THSCImportCoordinator.swift */ = {isa = PBXFileReference; lastKnownFileType = sourcecode.swift; path = THSCImportCoordinator.swift; sourceTree = "<group>"; };
		A20000000000000000000022 /* NESAPastPapersView.swift */ = {isa = PBXFileReference; lastKnownFileType = sourcecode.swift; path = NESAPastPapersView.swift; sourceTree = "<group>"; };
		A20000000000000000000023 /* SchoolCrestService.swift */ = {isa = PBXFileReference; lastKnownFileType = sourcecode.swift; path = SchoolCrestService.swift; sourceTree = "<group>"; };
		A20000000000000000000024 /* SchoolCrestLookupService.swift */ = {isa = PBXFileReference; lastKnownFileType = sourcecode.swift; path = SchoolCrestLookupService.swift; sourceTree = "<group>"; };
		A20000000000000000000025 /* School Crest Pack */ = {isa = PBXFileReference; lastKnownFileType = folder; path = "School Crest Pack"; sourceTree = SOURCE_ROOT; };
		A20000000000000000000026 /* FinderRevealService.swift */ = {isa = PBXFileReference; lastKnownFileType = sourcecode.swift; path = FinderRevealService.swift; sourceTree = "<group>"; };
		A20000000000000000000027 /* Assets.xcassets */ = {isa = PBXFileReference; lastKnownFileType = folder.assetcatalog; path = Assets.xcassets; sourceTree = "<group>"; };
		A20000000000000000000029 /* AppDirectories.swift */ = {isa = PBXFileReference; lastKnownFileType = sourcecode.swift; path = AppDirectories.swift; sourceTree = "<group>"; };
		A2000000000000000000002A /* LibraryExportService.swift */ = {isa = PBXFileReference; lastKnownFileType = sourcecode.swift; path = LibraryExportService.swift; sourceTree = "<group>"; };
		A2000000000000000000002B /* StorageMigrationService.swift */ = {isa = PBXFileReference; lastKnownFileType = sourcecode.swift; path = StorageMigrationService.swift; sourceTree = "<group>"; };
/* End PBXFileReference section */

/* Begin PBXFrameworksBuildPhase section */
		A30000000000000000000001 /* Frameworks */ = {
			isa = PBXFrameworksBuildPhase;
			buildActionMask = 2147483647;
			files = (
			);
			runOnlyForDeploymentPostprocessing = 0;
		};
/* End PBXFrameworksBuildPhase section */

/* Begin PBXGroup section */
		A40000000000000000000001 = {
			isa = PBXGroup;
			children = (
				A40000000000000000000002 /* Sources/TrialPracticeApp */,
				A20000000000000000000025 /* School Crest Pack */,
				A40000000000000000000006 /* Products */,
			);
			sourceTree = "<group>";
		};
		A40000000000000000000002 /* Sources/TrialPracticeApp */ = {
			isa = PBXGroup;
			children = (
				A20000000000000000000001 /* TrialPracticeApp.swift */,
				A20000000000000000000027 /* Assets.xcassets */,
				A40000000000000000000007 /* Infrastructure */,
				A40000000000000000000003 /* Models */,
				A40000000000000000000004 /* Services */,
				A40000000000000000000005 /* Views */,
				A20000000000000000000013 /* TrialPracticeApp.entitlements */,
			);
			path = Sources/TrialPracticeApp;
			sourceTree = SOURCE_ROOT;
		};
		A40000000000000000000003 /* Models */ = {
			isa = PBXGroup;
			children = (
				A20000000000000000000002 /* FlaggedQuestion.swift */,
				A20000000000000000000003 /* Paper.swift */,
				A20000000000000000000004 /* School.swift */,
				A20000000000000000000005 /* Subject.swift */,
				A2000000000000000000001E /* THSCImportRecord.swift */,
			);
			path = Models;
			sourceTree = "<group>";
		};
		A40000000000000000000004 /* Services */ = {
			isa = PBXGroup;
			children = (
				A20000000000000000000029 /* AppDirectories.swift */,
				A20000000000000000000006 /* AppState.swift */,
				A2000000000000000000002A /* LibraryExportService.swift */,
				A20000000000000000000007 /* LocalFileStore.swift */,
				A20000000000000000000008 /* NameNormalizer.swift */,
				A20000000000000000000009 /* PaperImportService.swift */,
				A20000000000000000000017 /* FlaggedQuestionCaptureService.swift */,
				A2000000000000000000001A /* RevisionBookletService.swift */,
				A2000000000000000000001D /* SubjectPaperCSVService.swift */,
				A2000000000000000000001F /* THSCImportService.swift */,
				A20000000000000000000021 /* THSCImportCoordinator.swift */,
				A20000000000000000000023 /* SchoolCrestService.swift */,
				A20000000000000000000024 /* SchoolCrestLookupService.swift */,
				A20000000000000000000026 /* FinderRevealService.swift */,
			);
			path = Services;
			sourceTree = "<group>";
		};
		A40000000000000000000005 /* Views */ = {
			isa = PBXGroup;
			children = (
				A2000000000000000000000A /* AddPaperView.swift */,
				A20000000000000000000019 /* FlaggedQuestionsView.swift */,
				A2000000000000000000001C /* LibraryView.swift */,
				A2000000000000000000000C /* MainNavigationView.swift */,
				A20000000000000000000022 /* NESAPastPapersView.swift */,
				A20000000000000000000015 /* PDFViewerView.swift */,
				A20000000000000000000016 /* PaperViewerScreen.swift */,
				A2000000000000000000001B /* RevisionBookletsView.swift */,
				A2000000000000000000000E /* RootView.swift */,
				A2000000000000000000000F /* SettingsView.swift */,
				A20000000000000000000011 /* SubjectBinView.swift */,
				A20000000000000000000020 /* THSCImportView.swift */,
			);
			path = Views;
			sourceTree = "<group>";
		};
		A40000000000000000000006 /* Products */ = {
			isa = PBXGroup;
			children = (
				A20000000000000000000014 /* HSC Trial Revision.app */,
			);
			name = Products;
			sourceTree = "<group>";
		};
		A40000000000000000000007 /* Infrastructure */ = {
			isa = PBXGroup;
			children = (
				A40000000000000000000008 /* Storage */,
			);
			path = Infrastructure;
			sourceTree = "<group>";
		};
		A40000000000000000000008 /* Storage */ = {
			isa = PBXGroup;
			children = (
				A2000000000000000000002B /* StorageMigrationService.swift */,
			);
			path = Storage;
			sourceTree = "<group>";
		};
/* End PBXGroup section */

/* Begin PBXNativeTarget section */
		A50000000000000000000001 /* TrialPracticeApp */ = {
			isa = PBXNativeTarget;
			buildConfigurationList = A90000000000000000000002 /* Build configuration list for PBXNativeTarget "TrialPracticeApp" */;
			buildPhases = (
				A60000000000000000000001 /* Sources */,
				A30000000000000000000001 /* Frameworks */,
				A60000000000000000000002 /* Resources */,
			);
			buildRules = (
			);
			dependencies = (
			);
			name = TrialPracticeApp;
			productName = TrialPracticeApp;
			productReference = A20000000000000000000014 /* HSC Trial Revision.app */;
			productType = "com.apple.product-type.application";
		};
/* End PBXNativeTarget section */

/* Begin PBXProject section */
		A70000000000000000000001 /* Project object */ = {
			isa = PBXProject;
			attributes = {
				BuildIndependentTargetsInParallel = 1;
				LastSwiftUpdateCheck = 2650;
				LastUpgradeCheck = 2650;
				TargetAttributes = {
					A50000000000000000000001 = {
						CreatedOnToolsVersion = 26.5;
					};
				};
			};
			buildConfigurationList = A90000000000000000000001 /* Build configuration list for PBXProject "TrialPracticeApp" */;
			compatibilityVersion = "Xcode 14.0";
			developmentRegion = en;
			hasScannedForEncodings = 0;
			knownRegions = (
				en,
				Base,
			);
			mainGroup = A40000000000000000000001;
			productRefGroup = A40000000000000000000006 /* Products */;
			projectDirPath = "";
			projectRoot = "";
			targets = (
				A50000000000000000000001 /* TrialPracticeApp */,
			);
		};
/* End PBXProject section */

/* Begin PBXResourcesBuildPhase section */
		A60000000000000000000002 /* Resources */ = {
			isa = PBXResourcesBuildPhase;
			buildActionMask = 2147483647;
			files = (
				A10000000000000000000025 /* School Crest Pack in Resources */,
				A10000000000000000000027 /* Assets.xcassets in Resources */,
			);
			runOnlyForDeploymentPostprocessing = 0;
		};
/* End PBXResourcesBuildPhase section */

/* Begin PBXSourcesBuildPhase section */
		A60000000000000000000001 /* Sources */ = {
			isa = PBXSourcesBuildPhase;
			buildActionMask = 2147483647;
			files = (
				A10000000000000000000001 /* TrialPracticeApp.swift in Sources */,
				A10000000000000000000002 /* FlaggedQuestion.swift in Sources */,
				A10000000000000000000003 /* Paper.swift in Sources */,
				A10000000000000000000004 /* School.swift in Sources */,
				A10000000000000000000005 /* Subject.swift in Sources */,
				A10000000000000000000006 /* AppState.swift in Sources */,
				A10000000000000000000007 /* LocalFileStore.swift in Sources */,
				A10000000000000000000008 /* NameNormalizer.swift in Sources */,
				A10000000000000000000009 /* PaperImportService.swift in Sources */,
				A1000000000000000000000A /* AddPaperView.swift in Sources */,
				A1000000000000000000000C /* MainNavigationView.swift in Sources */,
				A1000000000000000000000E /* RootView.swift in Sources */,
				A1000000000000000000000F /* SettingsView.swift in Sources */,
				A10000000000000000000011 /* SubjectBinView.swift in Sources */,
				A10000000000000000000015 /* PDFViewerView.swift in Sources */,
				A10000000000000000000016 /* PaperViewerScreen.swift in Sources */,
				A10000000000000000000017 /* FlaggedQuestionCaptureService.swift in Sources */,
				A10000000000000000000019 /* FlaggedQuestionsView.swift in Sources */,
				A1000000000000000000001A /* RevisionBookletService.swift in Sources */,
				A1000000000000000000001D /* SubjectPaperCSVService.swift in Sources */,
				A1000000000000000000001B /* RevisionBookletsView.swift in Sources */,
				A1000000000000000000001C /* LibraryView.swift in Sources */,
				A1000000000000000000001E /* THSCImportRecord.swift in Sources */,
				A1000000000000000000001F /* THSCImportService.swift in Sources */,
				A10000000000000000000020 /* THSCImportView.swift in Sources */,
				A10000000000000000000021 /* THSCImportCoordinator.swift in Sources */,
				A10000000000000000000022 /* NESAPastPapersView.swift in Sources */,
				A10000000000000000000023 /* SchoolCrestService.swift in Sources */,
				A10000000000000000000024 /* SchoolCrestLookupService.swift in Sources */,
				A10000000000000000000026 /* FinderRevealService.swift in Sources */,
				A10000000000000000000029 /* AppDirectories.swift in Sources */,
				A1000000000000000000002A /* LibraryExportService.swift in Sources */,
				A1000000000000000000002B /* StorageMigrationService.swift in Sources */,
			);
			runOnlyForDeploymentPostprocessing = 0;
		};
/* End PBXSourcesBuildPhase section */

/* Begin XCBuildConfiguration section */
		A80000000000000000000001 /* Debug */ = {
			isa = XCBuildConfiguration;
			buildSettings = {
				ALWAYS_SEARCH_USER_PATHS = NO;
				CLANG_ENABLE_MODULES = YES;
				CLANG_ENABLE_OBJC_ARC = YES;
				CLANG_WARN_BOOL_CONVERSION = YES;
				CLANG_WARN_CONSTANT_CONVERSION = YES;
				CLANG_WARN_DOCUMENTATION_COMMENTS = YES;
				CLANG_WARN_EMPTY_BODY = YES;
				CLANG_WARN_ENUM_CONVERSION = YES;
				CLANG_WARN_INFINITE_RECURSION = YES;
				CLANG_WARN_INT_CONVERSION = YES;
				CLANG_WARN_NON_LITERAL_NULL_CONVERSION = YES;
				CLANG_WARN_OBJC_IMPLICIT_RETAIN_SELF = YES;
				CLANG_WARN_OBJC_LITERAL_CONVERSION = YES;
				CLANG_WARN_QUOTED_INCLUDE_IN_FRAMEWORK_HEADER = YES;
				CLANG_WARN_RANGE_LOOP_ANALYSIS = YES;
				CLANG_WARN_STRICT_PROTOTYPES = YES;
				CLANG_WARN_SUSPICIOUS_MOVE = YES;
				CLANG_WARN_UNREACHABLE_CODE = YES;
				COPY_PHASE_STRIP = NO;
				DEBUG_INFORMATION_FORMAT = dwarf;
				ENABLE_TESTABILITY = YES;
				GCC_C_LANGUAGE_STANDARD = gnu17;
				GCC_NO_COMMON_BLOCKS = YES;
				GCC_OPTIMIZATION_LEVEL = 0;
				MTL_ENABLE_DEBUG_INFO = INCLUDE_SOURCE;
				ONLY_ACTIVE_ARCH = YES;
				SDKROOT = macosx;
				SWIFT_ACTIVE_COMPILATION_CONDITIONS = "DEBUG $(inherited)";
				SWIFT_OPTIMIZATION_LEVEL = "-Onone";
			};
			name = Debug;
		};
		A80000000000000000000002 /* Release */ = {
			isa = XCBuildConfiguration;
			buildSettings = {
				ALWAYS_SEARCH_USER_PATHS = NO;
				CLANG_ENABLE_MODULES = YES;
				CLANG_ENABLE_OBJC_ARC = YES;
				CLANG_WARN_BOOL_CONVERSION = YES;
				CLANG_WARN_CONSTANT_CONVERSION = YES;
				CLANG_WARN_DOCUMENTATION_COMMENTS = YES;
				CLANG_WARN_EMPTY_BODY = YES;
				CLANG_WARN_ENUM_CONVERSION = YES;
				CLANG_WARN_INFINITE_RECURSION = YES;
				CLANG_WARN_INT_CONVERSION = YES;
				CLANG_WARN_NON_LITERAL_NULL_CONVERSION = YES;
				CLANG_WARN_OBJC_IMPLICIT_RETAIN_SELF = YES;
				CLANG_WARN_OBJC_LITERAL_CONVERSION = YES;
				CLANG_WARN_QUOTED_INCLUDE_IN_FRAMEWORK_HEADER = YES;
				CLANG_WARN_RANGE_LOOP_ANALYSIS = YES;
				CLANG_WARN_STRICT_PROTOTYPES = YES;
				CLANG_WARN_SUSPICIOUS_MOVE = YES;
				CLANG_WARN_UNREACHABLE_CODE = YES;
				COPY_PHASE_STRIP = YES;
				DEBUG_INFORMATION_FORMAT = "dwarf-with-dsym";
				ENABLE_NS_ASSERTIONS = NO;
				GCC_C_LANGUAGE_STANDARD = gnu17;
				GCC_NO_COMMON_BLOCKS = YES;
				MTL_ENABLE_DEBUG_INFO = NO;
				SDKROOT = macosx;
				SWIFT_COMPILATION_MODE = wholemodule;
			};
			name = Release;
		};
		A80000000000000000000003 /* Debug */ = {
			isa = XCBuildConfiguration;
			buildSettings = {
				ASSETCATALOG_COMPILER_APPICON_NAME = AppIcon;
				CODE_SIGN_ENTITLEMENTS = Sources/TrialPracticeApp/TrialPracticeApp.entitlements;
				CODE_SIGN_STYLE = Automatic;
				COMBINE_HIDPI_IMAGES = YES;
				CURRENT_PROJECT_VERSION = 1;
				DEVELOPMENT_TEAM = 9LWD533XFV;
				ENABLE_HARDENED_RUNTIME = YES;
				ENABLE_PREVIEWS = YES;
				GENERATE_INFOPLIST_FILE = YES;
				INFOPLIST_KEY_CFBundleDisplayName = "HSC Trial Revision";
				INFOPLIST_KEY_CFBundleName = "HSC Trial Revision";
				INFOPLIST_KEY_LSApplicationCategoryType = "public.app-category.education";
				INFOPLIST_KEY_NSHumanReadableCopyright = "";
				LD_RUNPATH_SEARCH_PATHS = (
					"$(inherited)",
					"@executable_path/../Frameworks",
				);
				MACOSX_DEPLOYMENT_TARGET = 14.0;
				MARKETING_VERSION = 1.0;
				PRODUCT_BUNDLE_IDENTIFIER = "au.edu.moriah.hsc-trial-revision";
				PRODUCT_NAME = "HSC Trial Revision";
				REGISTER_APP_GROUPS = NO;
				SWIFT_EMIT_LOC_STRINGS = YES;
				SWIFT_STRICT_CONCURRENCY = complete;
				SWIFT_VERSION = 6.0;
			};
			name = Debug;
		};
		A80000000000000000000004 /* Release */ = {
			isa = XCBuildConfiguration;
			buildSettings = {
				ASSETCATALOG_COMPILER_APPICON_NAME = AppIcon;
				CODE_SIGN_ENTITLEMENTS = Sources/TrialPracticeApp/TrialPracticeApp.entitlements;
				CODE_SIGN_STYLE = Automatic;
				COMBINE_HIDPI_IMAGES = YES;
				CURRENT_PROJECT_VERSION = 1;
				DEVELOPMENT_TEAM = 9LWD533XFV;
				ENABLE_HARDENED_RUNTIME = YES;
				GENERATE_INFOPLIST_FILE = YES;
				INFOPLIST_KEY_CFBundleDisplayName = "HSC Trial Revision";
				INFOPLIST_KEY_CFBundleName = "HSC Trial Revision";
				INFOPLIST_KEY_LSApplicationCategoryType = "public.app-category.education";
				INFOPLIST_KEY_NSHumanReadableCopyright = "";
				LD_RUNPATH_SEARCH_PATHS = (
					"$(inherited)",
					"@executable_path/../Frameworks",
				);
				MACOSX_DEPLOYMENT_TARGET = 14.0;
				MARKETING_VERSION = 1.0;
				PRODUCT_BUNDLE_IDENTIFIER = "au.edu.moriah.hsc-trial-revision";
				PRODUCT_NAME = "HSC Trial Revision";
				REGISTER_APP_GROUPS = NO;
				SWIFT_EMIT_LOC_STRINGS = YES;
				SWIFT_STRICT_CONCURRENCY = complete;
				SWIFT_VERSION = 6.0;
			};
			name = Release;
		};
/* End XCBuildConfiguration section */

/* Begin XCConfigurationList section */
		A90000000000000000000001 /* Build configuration list for PBXProject "TrialPracticeApp" */ = {
			isa = XCConfigurationList;
			buildConfigurations = (
				A80000000000000000000001 /* Debug */,
				A80000000000000000000002 /* Release */,
			);
			defaultConfigurationIsVisible = 0;
			defaultConfigurationName = Release;
		};
		A90000000000000000000002 /* Build configuration list for PBXNativeTarget "TrialPracticeApp" */ = {
			isa = XCConfigurationList;
			buildConfigurations = (
				A80000000000000000000003 /* Debug */,
				A80000000000000000000004 /* Release */,
			);
			defaultConfigurationIsVisible = 0;
			defaultConfigurationName = Release;
		};
/* End XCConfigurationList section */
	};
	rootObject = A70000000000000000000001 /* Project object */;
}
